
Microsoft Visual Studio Solution File, Format Version 12.00
# Visual Studio Version 16
VisualStudioVersion = 16.0.30413.136
MinimumVisualStudioVersion = 10.0.40219.1
Project("{FAE04EC0-301F-11D3-BF4B-00C04F79EFBC}") = "DemoApp", "DemoApp\DemoApp.csproj", "{A8C1DBA6-89C7-497C-8808-6E87D949118D}"
EndProject
Global
	GlobalSection(SolutionConfigurationPlatforms) = preSolution
		Debug|Any CPU = Debug|Any CPU
		Release|Any CPU = Release|Any CPU
	EndGlobalSection
	GlobalSection(ProjectConfigurationPlatforms) = postSolution
		{A8C1DBA6-89C7-497C-8808-6E87D949118D}.Debug|Any CPU.ActiveCfg = Debug|Any CPU
		{A8C1DBA6-89C7-497C-8808-6E87D949118D}.Debug|Any CPU.Build.0 = Debug|Any CPU
		{A8C1DBA6-89C7-497C-8808-6E87D949118D}.Release|Any CPU.ActiveCfg = Release|Any CPU
		{A8C1DBA6-89C7-497C-8808-6E87D949118D}.Release|Any CPU.Build.0 = Release|Any CPU
	EndGlobalSection
	GlobalSection(SolutionProperties) = preSolution
		HideSolutionNode = FALSE
	EndGlobalSection
	GlobalSection(ExtensibilityGlobals) = postSolution
		SolutionGuid = {7AE8A216-D96A-4C32-8FF8-BAA6CBA9FACE}
	EndGlobalSection
EndGlobal
